# This file is automatically @generated by Cargo.
# It is not intended for manual editing.
version = 4

[[package]]
name = "tests"
version = "0.1.0"
dependencies = [
 "yamanote-node",
 "yamanote-sim",
]

[[package]]
name = "yamanote-node"
version = "0.1.0"

[[package]]
name = "yamanote-sim"
version = "0.1.0"
dependencies = [
 "yamanote-node",
]
